{
  "name": "genetic-algorithm",
  "version": "1.0.0",
  "lockfileVersion": 2,
  "requires": true,
  "packages": {
    "": {
      "name": "genetic-algorithm",
      "version": "1.0.0",
      "license": "ISC",
      "dependencies": {
        "pick-random-weighted": "^2.0.0"
      }
    },
    "node_modules/pick-random-weighted": {
      "version": "2.0.0",
      "resolved": "https://registry.npmjs.org/pick-random-weighted/-/pick-random-weighted-2.0.0.tgz",
      "integrity": "sha512-WINzzxuBhCStIae0bRo6vCGdfkmjA9Ex9r4cO+FNaP5nr/oHoI5DA+VhjO6WqoPzYjPKBr4rAAmceFEp18crqg=="
    }
  },
  "dependencies": {
    "pick-random-weighted": {
      "version": "2.0.0",
      "resolved": "https://registry.npmjs.org/pick-random-weighted/-/pick-random-weighted-2.0.0.tgz",
      "integrity": "sha512-WINzzxuBhCStIae0bRo6vCGdfkmjA9Ex9r4cO+FNaP5nr/oHoI5DA+VhjO6WqoPzYjPKBr4rAAmceFEp18crqg=="
    }
  }
}
